{
  "name": "wasm-demo",
  "version": "1.0.0",
  "lockfileVersion": 1,
  "requires": true,
  "dependencies": {
    "big-integer": {
      "version": "1.6.48",
      "resolved": "https://registry.npm.taobao.org/big-integer/download/big-integer-1.6.48.tgz",
      "integrity": "sha1-j9iL0WMsukocjD49cVnwi7lbS54="
    },
    "bplist-parser": {
      "version": "0.1.1",
      "resolved": "https://registry.npm.taobao.org/bplist-parser/download/bplist-parser-0.1.1.tgz",
      "integrity": "sha1-1g1dzCDLptx+HymbNdPh+V2vuuY=",
      "requires": {
        "big-integer": "^1.6.7"
      }
    },
    "default-browser-id": {
      "version": "2.0.0",
      "resolved": "https://registry.npm.taobao.org/default-browser-id/download/default-browser-id-2.0.0.tgz",
      "integrity": "sha1-AezONxpx6F8VoXF354YwR+c9vn0=",
      "requires": {
        "bplist-parser": "^0.1.0",
        "pify": "^2.3.0",
        "untildify": "^2.0.0"
      }
    },
    "esbuild": {
      "version": "0.8.50",
      "resolved": "https://registry.npm.taobao.org/esbuild/download/esbuild-0.8.50.tgz?cache=0&sync_timestamp=1613905666872&other_urls=https%3A%2F%2Fregistry.npm.taobao.org%2Fesbuild%2Fdownload%2Fesbuild-0.8.50.tgz",
      "integrity": "sha1-6/JP3gza0aNpeJ3W/XqCCwoB5Gw="
    },
    "fsevents": {
      "version": "2.3.2",
      "resolved": "https://registry.npm.taobao.org/fsevents/download/fsevents-2.3.2.tgz",
      "integrity": "sha1-ilJveLj99GI7cJ4Ll1xSwkwC/Ro=",
      "optional": true
    },
    "is-docker": {
      "version": "2.1.1",
      "resolved": "https://registry.npm.taobao.org/is-docker/download/is-docker-2.1.1.tgz",
      "integrity": "sha1-QSWojkTkUNOE4JBH7eca3C0UQVY="
    },
    "is-wsl": {
      "version": "2.2.0",
      "resolved": "https://registry.npm.taobao.org/is-wsl/download/is-wsl-2.2.0.tgz",
      "integrity": "sha1-dKTHbnfKn9P5MvKQwX6jJs0VcnE=",
      "requires": {
        "is-docker": "^2.0.0"
      }
    },
    "open": {
      "version": "7.4.2",
      "resolved": "https://registry.npm.taobao.org/open/download/open-7.4.2.tgz",
      "integrity": "sha1-uBR+Jtzz5CYxbHMAif1x7dKcIyE=",
      "requires": {
        "is-docker": "^2.0.0",
        "is-wsl": "^2.1.1"
      }
    },
    "os-homedir": {
      "version": "1.0.2",
      "resolved": "https://registry.npm.taobao.org/os-homedir/download/os-homedir-1.0.2.tgz",
      "integrity": "sha1-/7xJiDNuDoM94MFox+8VISGqf7M="
    },
    "pify": {
      "version": "2.3.0",
      "resolved": "https://registry.npm.taobao.org/pify/download/pify-2.3.0.tgz?cache=0&sync_timestamp=1581697613983&other_urls=https%3A%2F%2Fregistry.npm.taobao.org%2Fpify%2Fdownload%2Fpify-2.3.0.tgz",
      "integrity": "sha1-7RQaasBDqEnqWISY59yosVMw6Qw="
    },
    "rollup": {
      "version": "2.39.1",
      "resolved": "https://registry.npm.taobao.org/rollup/download/rollup-2.39.1.tgz",
      "integrity": "sha1-ev1M79ijMsUQKoBj0wH94fMakXM=",
      "requires": {
        "fsevents": "~2.3.1"
      }
    },
    "snowpack": {
      "version": "3.0.12",
      "resolved": "https://registry.npm.taobao.org/snowpack/download/snowpack-3.0.12.tgz",
      "integrity": "sha1-EmCqfXjyybZj5lejjU5xV6AHUa4=",
      "requires": {
        "default-browser-id": "^2.0.0",
        "esbuild": "^0.8.7",
        "fsevents": "^2.2.0",
        "open": "^7.0.4",
        "rollup": "^2.34.0"
      }
    },
    "untildify": {
      "version": "2.1.0",
      "resolved": "https://registry.npm.taobao.org/untildify/download/untildify-2.1.0.tgz",
      "integrity": "sha1-F+soB5h/dpUunASF/DEdBqgmouA=",
      "requires": {
        "os-homedir": "^1.0.0"
      }
    }
  }
}
